
Microsoft Visual Studio Solution File, Format Version 12.00
# Visual Studio Version 17
VisualStudioVersion = 17.4.33205.214
MinimumVisualStudioVersion = 10.0.40219.1
Project("{9A19103F-16F7-4668-BE54-9A1E7A4F7556}") = "CommunityDLC", "CommunityDLC.csproj", "{16C55AE2-D136-4C54-8AF5-F8293EAF536D}"
EndProject
Project("{9A19103F-16F7-4668-BE54-9A1E7A4F7556}") = "FTKAPI", "..\FTKAPI\FTKAPI.csproj", "{D0904084-22B9-48BF-B265-EDF35511E09E}"
EndProject
Global
	GlobalSection(SolutionConfigurationPlatforms) = preSolution
		Debug|Any CPU = Debug|Any CPU
		Release|Any CPU = Release|Any CPU
		TestBranch|Any CPU = TestBranch|Any CPU
	EndGlobalSection
	GlobalSection(ProjectConfigurationPlatforms) = postSolution
		{16C55AE2-D136-4C54-8AF5-F8293EAF536D}.Debug|Any CPU.ActiveCfg = Debug|Any CPU
		{16C55AE2-D136-4C54-8AF5-F8293EAF536D}.Debug|Any CPU.Build.0 = Debug|Any CPU
		{16C55AE2-D136-4C54-8AF5-F8293EAF536D}.Release|Any CPU.ActiveCfg = Release|Any CPU
		{16C55AE2-D136-4C54-8AF5-F8293EAF536D}.Release|Any CPU.Build.0 = Release|Any CPU
		{16C55AE2-D136-4C54-8AF5-F8293EAF536D}.TestBranch|Any CPU.ActiveCfg = TestBranch|Any CPU
		{16C55AE2-D136-4C54-8AF5-F8293EAF536D}.TestBranch|Any CPU.Build.0 = TestBranch|Any CPU
		{D0904084-22B9-48BF-B265-EDF35511E09E}.Debug|Any CPU.ActiveCfg = Debug|Any CPU
		{D0904084-22B9-48BF-B265-EDF35511E09E}.Debug|Any CPU.Build.0 = Debug|Any CPU
		{D0904084-22B9-48BF-B265-EDF35511E09E}.Release|Any CPU.ActiveCfg = Release|Any CPU
		{D0904084-22B9-48BF-B265-EDF35511E09E}.Release|Any CPU.Build.0 = Release|Any CPU
		{D0904084-22B9-48BF-B265-EDF35511E09E}.TestBranch|Any CPU.ActiveCfg = TestBranch|Any CPU
		{D0904084-22B9-48BF-B265-EDF35511E09E}.TestBranch|Any CPU.Build.0 = TestBranch|Any CPU
	EndGlobalSection
	GlobalSection(SolutionProperties) = preSolution
		HideSolutionNode = FALSE
	EndGlobalSection
	GlobalSection(ExtensibilityGlobals) = postSolution
		SolutionGuid = {CEE75EF5-6A0B-4951-8654-A7A7BAF6C5C3}
	EndGlobalSection
EndGlobal
